# This file is generated by running "yarn install" inside your project.
# Manual changes might be lost - proceed with caution!

__metadata:
  version: 8
  cacheKey: 10c0

"@biomejs/biome@npm:1.5.3":
  version: 1.5.3
  resolution: "@biomejs/biome@npm:1.5.3"
  dependencies:
    "@biomejs/cli-darwin-arm64": "npm:1.5.3"
    "@biomejs/cli-darwin-x64": "npm:1.5.3"
    "@biomejs/cli-linux-arm64": "npm:1.5.3"
    "@biomejs/cli-linux-arm64-musl": "npm:1.5.3"
    "@biomejs/cli-linux-x64": "npm:1.5.3"
    "@biomejs/cli-linux-x64-musl": "npm:1.5.3"
    "@biomejs/cli-win32-arm64": "npm:1.5.3"
    "@biomejs/cli-win32-x64": "npm:1.5.3"
  dependenciesMeta:
    "@biomejs/cli-darwin-arm64":
      optional: true
    "@biomejs/cli-darwin-x64":
      optional: true
    "@biomejs/cli-linux-arm64":
      optional: true
    "@biomejs/cli-linux-arm64-musl":
      optional: true
    "@biomejs/cli-linux-x64":
      optional: true
    "@biomejs/cli-linux-x64-musl":
      optional: true
    "@biomejs/cli-win32-arm64":
      optional: true
    "@biomejs/cli-win32-x64":
      optional: true
  bin:
    biome: bin/biome
  checksum: 10c0/470d0707fda5f029380648049e9eafdec4579d96b199a6f92401f67524b6739c136f139898db77f3fc2633ba5f56bdfb1d5193dacde31aff9811924d0ac32ddc
  languageName: node
  linkType: hard

"@biomejs/cli-darwin-arm64@npm:1.5.3":
  version: 1.5.3
  resolution: "@biomejs/cli-darwin-arm64@npm:1.5.3"
  conditions: os=darwin & cpu=arm64
  languageName: node
  linkType: hard

"@biomejs/cli-darwin-x64@npm:1.5.3":
  version: 1.5.3
  resolution: "@biomejs/cli-darwin-x64@npm:1.5.3"
  conditions: os=darwin & cpu=x64
  languageName: node
  linkType: hard

"@biomejs/cli-linux-arm64-musl@npm:1.5.3":
  version: 1.5.3
  resolution: "@biomejs/cli-linux-arm64-musl@npm:1.5.3"
  conditions: os=linux & cpu=arm64 & libc=musl
  languageName: node
  linkType: hard

"@biomejs/cli-linux-arm64@npm:1.5.3":
  version: 1.5.3
  resolution: "@biomejs/cli-linux-arm64@npm:1.5.3"
  conditions: os=linux & cpu=arm64 & libc=glibc
  languageName: node
  linkType: hard

"@biomejs/cli-linux-x64-musl@npm:1.5.3":
  version: 1.5.3
  resolution: "@biomejs/cli-linux-x64-musl@npm:1.5.3"
  conditions: os=linux & cpu=x64 & libc=musl
  languageName: node
  linkType: hard

"@biomejs/cli-linux-x64@npm:1.5.3":
  version: 1.5.3
  resolution: "@biomejs/cli-linux-x64@npm:1.5.3"
  conditions: os=linux & cpu=x64 & libc=glibc
  languageName: node
  linkType: hard

"@biomejs/cli-win32-arm64@npm:1.5.3":
  version: 1.5.3
  resolution: "@biomejs/cli-win32-arm64@npm:1.5.3"
  conditions: os=win32 & cpu=arm64
  languageName: node
  linkType: hard

"@biomejs/cli-win32-x64@npm:1.5.3":
  version: 1.5.3
  resolution: "@biomejs/cli-win32-x64@npm:1.5.3"
  conditions: os=win32 & cpu=x64
  languageName: node
  linkType: hard

"@total-typescript/ts-reset@npm:^0.5.1":
  version: 0.5.1
  resolution: "@total-typescript/ts-reset@npm:0.5.1"
  checksum: 10c0/0339e975034ae648e83f08d0d408d9bda926fdb0cbaddf8efebd3105b378847be8bc9c2f1aa1435e2221f5958019bc2cb562211745a52fe076a109645c8a31f0
  languageName: node
  linkType: hard

"idb-keyval@npm:^6.2.1":
  version: 6.2.1
  resolution: "idb-keyval@npm:6.2.1"
  checksum: 10c0/9f0c83703a365e00bd0b4ed6380ce509a06dedfc6ec39b2ba5740085069fd2f2ff5c14ba19356488e3612a2f9c49985971982d836460a982a5d0b4019eeba48a
  languageName: node
  linkType: hard

"idb-stores@workspace:.":
  version: 0.0.0-use.local
  resolution: "idb-stores@workspace:."
  dependencies:
    "@biomejs/biome": "npm:1.5.3"
    "@total-typescript/ts-reset": "npm:^0.5.1"
    idb-keyval: "npm:^6.2.1"
    loglevel: "npm:^1.9.1"
    typescript: "npm:^5.3.3"
    zod: "npm:^3.22.4"
  languageName: unknown
  linkType: soft

"loglevel@npm:^1.9.1":
  version: 1.9.1
  resolution: "loglevel@npm:1.9.1"
  checksum: 10c0/152f0501cea367cf998c844a38b19f0b5af555756ad7d8650214a1f8c6a5b045e31b8cf5dae27d28339a061624ce3f618aadb333aed386cac041d6ddc5101a39
  languageName: node
  linkType: hard

"typescript@npm:^5.3.3":
  version: 5.3.3
  resolution: "typescript@npm:5.3.3"
  bin:
    tsc: bin/tsc
    tsserver: bin/tsserver
  checksum: 10c0/e33cef99d82573624fc0f854a2980322714986bc35b9cb4d1ce736ed182aeab78e2cb32b385efa493b2a976ef52c53e20d6c6918312353a91850e2b76f1ea44f
  languageName: node
  linkType: hard

"typescript@patch:typescript@npm%3A^5.3.3#optional!builtin<compat/typescript>":
  version: 5.3.3
  resolution: "typescript@patch:typescript@npm%3A5.3.3#optional!builtin<compat/typescript>::version=5.3.3&hash=e012d7"
  bin:
    tsc: bin/tsc
    tsserver: bin/tsserver
  checksum: 10c0/1d0a5f4ce496c42caa9a30e659c467c5686eae15d54b027ee7866744952547f1be1262f2d40de911618c242b510029d51d43ff605dba8fb740ec85ca2d3f9500
  languageName: node
  linkType: hard

"zod@npm:^3.22.4":
  version: 3.22.4
  resolution: "zod@npm:3.22.4"
  checksum: 10c0/7578ab283dac0eee66a0ad0fc4a7f28c43e6745aadb3a529f59a4b851aa10872b3890398b3160f257f4b6817b4ce643debdda4fb21a2c040adda7862cab0a587
  languageName: node
  linkType: hard
